
Microsoft Visual Studio Solution File, Format Version 12.00
# Visual Studio 14
VisualStudioVersion = 14.0.25420.1
MinimumVisualStudioVersion = 10.0.40219.1
Project("{2150E333-8FDC-42A3-9474-1A3956D46DE8}") = "src", "src", "{DE374C95-2780-4ACC-83D8-9755659D2AF8}"
EndProject
Project("{2150E333-8FDC-42A3-9474-1A3956D46DE8}") = "Solution Items", "Solution Items", "{DCFC290C-2185-43FA-8743-0E6539EA639D}"
	ProjectSection(SolutionItems) = preProject
		global.json = global.json
	EndProjectSection
EndProject
Project("{8BB2217D-0F2D-49D1-97BC-3654ED321F3B}") = "WebApiLoL", "src\WebApiLoL\WebApiLoL.xproj", "{76EB5D2F-7DC4-4F64-A7A7-3D5AD0F92F8D}"
EndProject
Global
	GlobalSection(SolutionConfigurationPlatforms) = preSolution
		Debug|Any CPU = Debug|Any CPU
		Release|Any CPU = Release|Any CPU
	EndGlobalSection
	GlobalSection(ProjectConfigurationPlatforms) = postSolution
		{76EB5D2F-7DC4-4F64-A7A7-3D5AD0F92F8D}.Debug|Any CPU.ActiveCfg = Debug|Any CPU
		{76EB5D2F-7DC4-4F64-A7A7-3D5AD0F92F8D}.Debug|Any CPU.Build.0 = Debug|Any CPU
		{76EB5D2F-7DC4-4F64-A7A7-3D5AD0F92F8D}.Release|Any CPU.ActiveCfg = Release|Any CPU
		{76EB5D2F-7DC4-4F64-A7A7-3D5AD0F92F8D}.Release|Any CPU.Build.0 = Release|Any CPU
	EndGlobalSection
	GlobalSection(SolutionProperties) = preSolution
		HideSolutionNode = FALSE
	EndGlobalSection
	GlobalSection(NestedProjects) = preSolution
		{76EB5D2F-7DC4-4F64-A7A7-3D5AD0F92F8D} = {DE374C95-2780-4ACC-83D8-9755659D2AF8}
	EndGlobalSection
EndGlobal
