
Microsoft Visual Studio Solution File, Format Version 12.00
# Visual Studio 14
VisualStudioVersion = 14.0.25420.1
MinimumVisualStudioVersion = 10.0.40219.1
Project("{FAE04EC0-301F-11D3-BF4B-00C04F79EFBC}") = "RecExamen2", "RecExamen2\RecExamen2.csproj", "{D89AE7D4-5B2F-45CB-9665-BF63A0D0F08A}"
EndProject
Global
	GlobalSection(SolutionConfigurationPlatforms) = preSolution
		Debug|ARM = Debug|ARM
		Debug|x64 = Debug|x64
		Debug|x86 = Debug|x86
		Release|ARM = Release|ARM
		Release|x64 = Release|x64
		Release|x86 = Release|x86
	EndGlobalSection
	GlobalSection(ProjectConfigurationPlatforms) = postSolution
		{D89AE7D4-5B2F-45CB-9665-BF63A0D0F08A}.Debug|ARM.ActiveCfg = Debug|ARM
		{D89AE7D4-5B2F-45CB-9665-BF63A0D0F08A}.Debug|ARM.Build.0 = Debug|ARM
		{D89AE7D4-5B2F-45CB-9665-BF63A0D0F08A}.Debug|ARM.Deploy.0 = Debug|ARM
		{D89AE7D4-5B2F-45CB-9665-BF63A0D0F08A}.Debug|x64.ActiveCfg = Debug|x64
		{D89AE7D4-5B2F-45CB-9665-BF63A0D0F08A}.Debug|x64.Build.0 = Debug|x64
		{D89AE7D4-5B2F-45CB-9665-BF63A0D0F08A}.Debug|x64.Deploy.0 = Debug|x64
		{D89AE7D4-5B2F-45CB-9665-BF63A0D0F08A}.Debug|x86.ActiveCfg = Debug|x86
		{D89AE7D4-5B2F-45CB-9665-BF63A0D0F08A}.Debug|x86.Build.0 = Debug|x86
		{D89AE7D4-5B2F-45CB-9665-BF63A0D0F08A}.Debug|x86.Deploy.0 = Debug|x86
		{D89AE7D4-5B2F-45CB-9665-BF63A0D0F08A}.Release|ARM.ActiveCfg = Release|ARM
		{D89AE7D4-5B2F-45CB-9665-BF63A0D0F08A}.Release|ARM.Build.0 = Release|ARM
		{D89AE7D4-5B2F-45CB-9665-BF63A0D0F08A}.Release|ARM.Deploy.0 = Release|ARM
		{D89AE7D4-5B2F-45CB-9665-BF63A0D0F08A}.Release|x64.ActiveCfg = Release|x64
		{D89AE7D4-5B2F-45CB-9665-BF63A0D0F08A}.Release|x64.Build.0 = Release|x64
		{D89AE7D4-5B2F-45CB-9665-BF63A0D0F08A}.Release|x64.Deploy.0 = Release|x64
		{D89AE7D4-5B2F-45CB-9665-BF63A0D0F08A}.Release|x86.ActiveCfg = Release|x86
		{D89AE7D4-5B2F-45CB-9665-BF63A0D0F08A}.Release|x86.Build.0 = Release|x86
		{D89AE7D4-5B2F-45CB-9665-BF63A0D0F08A}.Release|x86.Deploy.0 = Release|x86
	EndGlobalSection
	GlobalSection(SolutionProperties) = preSolution
		HideSolutionNode = FALSE
	EndGlobalSection
EndGlobal
